// !$*UTF8*$!
{
	archiveVersion = 1;
	classes = {
	};
	objectVersion = 46;
	objects = {

/* Begin PBXBuildFile section */
		E10CC3161FC66A000078CCAE /* ANYMethodLog.m in Sources */ = {isa = PBXBuildFile; fileRef = E10CC3151FC66A000078CCAE /* ANYMethodLog.m */; };
		E10CC31A1FC66BE90078CCAE /* README.md in Sources */ = {isa = PBXBuildFile; fileRef = E10CC3191FC66BE90078CCAE /* README.md */; };
		E17CE66E1FAAF5D8000D6DB4 /* main.m in Sources */ = {isa = PBXBuildFile; fileRef = E17CE66D1FAAF5D8000D6DB4 /* main.m */; };
		E17CE6711FAAF5D8000D6DB4 /* AppDelegate.m in Sources */ = {isa = PBXBuildFile; fileRef = E17CE6701FAAF5D8000D6DB4 /* AppDelegate.m */; };
		E17CE6741FAAF5D8000D6DB4 /* ViewController.m in Sources */ = {isa = PBXBuildFile; fileRef = E17CE6731FAAF5D8000D6DB4 /* ViewController.m */; };
		E17CE6771FAAF5D8000D6DB4 /* Main.storyboard in Resources */ = {isa = PBXBuildFile; fileRef = E17CE6751FAAF5D8000D6DB4 /* Main.storyboard */; };
		E17CE6791FAAF5D8000D6DB4 /* Assets.xcassets in Resources */ = {isa = PBXBuildFile; fileRef = E17CE6781FAAF5D8000D6DB4 /* Assets.xcassets */; };
		E17CE67C1FAAF5D8000D6DB4 /* LaunchScreen.storyboard in Resources */ = {isa = PBXBuildFile; fileRef = E17CE67A1FAAF5D8000D6DB4 /* LaunchScreen.storyboard */; };
		E17CE6871FAAF5D8000D6DB4 /* hookClassTests.m in Sources */ = {isa = PBXBuildFile; fileRef = E17CE6861FAAF5D8000D6DB4 /* hookClassTests.m */; };
		E17CE6921FAAF5D8000D6DB4 /* hookClassUITests.m in Sources */ = {isa = PBXBuildFile; fileRef = E17CE6911FAAF5D8000D6DB4 /* hookClassUITests.m */; };
		E17CE6A21FAAF661000D6DB4 /* KNHook.m in Sources */ = {isa = PBXBuildFile; fileRef = E17CE6A11FAAF661000D6DB4 /* KNHook.m */; };
/* End PBXBuildFile section */

/* Begin PBXContainerItemProxy section */
		E17CE6831FAAF5D8000D6DB4 /* PBXContainerItemProxy */ = {
			isa = PBXContainerItemProxy;
			containerPortal = E17CE6611FAAF5D8000D6DB4 /* Project object */;
			proxyType = 1;
			remoteGlobalIDString = E17CE6681FAAF5D8000D6DB4;
			remoteInfo = hookClass;
		};
		E17CE68E1FAAF5D8000D6DB4 /* PBXContainerItemProxy */ = {
			isa = PBXContainerItemProxy;
			containerPortal = E17CE6611FAAF5D8000D6DB4 /* Project object */;
			proxyType = 1;
			remoteGlobalIDString = E17CE6681FAAF5D8000D6DB4;
			remoteInfo = hookClass;
		};
/* End PBXContainerItemProxy section */

/* Begin PBXFileReference section */
		E10CC3141FC66A000078CCAE /* ANYMethodLog.h */ = {isa = PBXFileReference; fileEncoding = 4; lastKnownFileType = sourcecode.c.h; path = ANYMethodLog.h; sourceTree = "<group>"; };
		E10CC3151FC66A000078CCAE /* ANYMethodLog.m */ = {isa = PBXFileReference; fileEncoding = 4; lastKnownFileType = sourcecode.c.objc; path = ANYMethodLog.m; sourceTree = "<group>"; };
		E10CC3191FC66BE90078CCAE /* README.md */ = {isa = PBXFileReference; fileEncoding = 4; lastKnownFileType = net.daringfireball.markdown; path = README.md; sourceTree = "<group>"; };
		E17CE6691FAAF5D8000D6DB4 /* hookClass.app */ = {isa = PBXFileReference; explicitFileType = wrapper.application; includeInIndex = 0; path = hookClass.app; sourceTree = BUILT_PRODUCTS_DIR; };
		E17CE66D1FAAF5D8000D6DB4 /* main.m */ = {isa = PBXFileReference; lastKnownFileType = sourcecode.c.objc; path = main.m; sourceTree = "<group>"; };
		E17CE66F1FAAF5D8000D6DB4 /* AppDelegate.h */ = {isa = PBXFileReference; lastKnownFileType = sourcecode.c.h; path = AppDelegate.h; sourceTree = "<group>"; };
		E17CE6701FAAF5D8000D6DB4 /* AppDelegate.m */ = {isa = PBXFileReference; lastKnownFileType = sourcecode.c.objc; path = AppDelegate.m; sourceTree = "<group>"; };
		E17CE6721FAAF5D8000D6DB4 /* ViewController.h */ = {isa = PBXFileReference; lastKnownFileType = sourcecode.c.h; path = ViewController.h; sourceTree = "<group>"; };
		E17CE6731FAAF5D8000D6DB4 /* ViewController.m */ = {isa = PBXFileReference; lastKnownFileType = sourcecode.c.objc; path = ViewController.m; sourceTree = "<group>"; };
		E17CE6761FAAF5D8000D6DB4 /* Base */ = {isa = PBXFileReference; lastKnownFileType = file.storyboard; name = Base; path = Base.lproj/Main.storyboard; sourceTree = "<group>"; };
		E17CE6781FAAF5D8000D6DB4 /* Assets.xcassets */ = {isa = PBXFileReference; lastKnownFileType = folder.assetcatalog; path = Assets.xcassets; sourceTree = "<group>"; };
		E17CE67B1FAAF5D8000D6DB4 /* Base */ = {isa = PBXFileReference; lastKnownFileType = file.storyboard; name = Base; path = Base.lproj/LaunchScreen.storyboard; sourceTree = "<group>"; };
		E17CE67D1FAAF5D8000D6DB4 /* Info.plist */ = {isa = PBXFileReference; lastKnownFileType = text.plist.xml; path = Info.plist; sourceTree = "<group>"; };
		E17CE6821FAAF5D8000D6DB4 /* hookClassTests.xctest */ = {isa = PBXFileReference; explicitFileType = wrapper.cfbundle; includeInIndex = 0; path = hookClassTests.xctest; sourceTree = BUILT_PRODUCTS_DIR; };
		E17CE6861FAAF5D8000D6DB4 /* hookClassTests.m */ = {isa = PBXFileReference; lastKnownFileType = sourcecode.c.objc; path = hookClassTests.m; sourceTree = "<group>"; };
		E17CE6881FAAF5D8000D6DB4 /* Info.plist */ = {isa = PBXFileReference; lastKnownFileType = text.plist.xml; path = Info.plist; sourceTree = "<group>"; };
		E17CE68D1FAAF5D8000D6DB4 /* hookClassUITests.xctest */ = {isa = PBXFileReference; explicitFileType = wrapper.cfbundle; includeInIndex = 0; path = hookClassUITests.xctest; sourceTree = BUILT_PRODUCTS_DIR; };
		E17CE6911FAAF5D8000D6DB4 /* hookClassUITests.m */ = {isa = PBXFileReference; lastKnownFileType = sourcecode.c.objc; path = hookClassUITests.m; sourceTree = "<group>"; };
		E17CE6931FAAF5D8000D6DB4 /* Info.plist */ = {isa = PBXFileReference; lastKnownFileType = text.plist.xml; path = Info.plist; sourceTree = "<group>"; };
		E17CE6A01FAAF661000D6DB4 /* KNHook.h */ = {isa = PBXFileReference; fileEncoding = 4; lastKnownFileType = sourcecode.c.h; path = KNHook.h; sourceTree = "<group>"; };
		E17CE6A11FAAF661000D6DB4 /* KNHook.m */ = {isa = PBXFileReference; fileEncoding = 4; lastKnownFileType = sourcecode.c.objc; path = KNHook.m; sourceTree = "<group>"; };
/* End PBXFileReference section */

/* Begin PBXFrameworksBuildPhase section */
		E17CE6661FAAF5D8000D6DB4 /* Frameworks */ = {
			isa = PBXFrameworksBuildPhase;
			buildActionMask = 2147483647;
			files = (
			);
			runOnlyForDeploymentPostprocessing = 0;
		};
		E17CE67F1FAAF5D8000D6DB4 /* Frameworks */ = {
			isa = PBXFrameworksBuildPhase;
			buildActionMask = 2147483647;
			files = (
			);
			runOnlyForDeploymentPostprocessing = 0;
		};
		E17CE68A1FAAF5D8000D6DB4 /* Frameworks */ = {
			isa = PBXFrameworksBuildPhase;
			buildActionMask = 2147483647;
			files = (
			);
			runOnlyForDeploymentPostprocessing = 0;
		};
/* End PBXFrameworksBuildPhase section */

/* Begin PBXGroup section */
		E10CC3131FC66A000078CCAE /* ANYMethodLog */ = {
			isa = PBXGroup;
			children = (
				E10CC3141FC66A000078CCAE /* ANYMethodLog.h */,
				E10CC3151FC66A000078CCAE /* ANYMethodLog.m */,
			);
			path = ANYMethodLog;
			sourceTree = "<group>";
		};
		E17CE6601FAAF5D8000D6DB4 = {
			isa = PBXGroup;
			children = (
				E10CC3191FC66BE90078CCAE /* README.md */,
				E17CE66B1FAAF5D8000D6DB4 /* hookClass */,
				E17CE6851FAAF5D8000D6DB4 /* hookClassTests */,
				E17CE6901FAAF5D8000D6DB4 /* hookClassUITests */,
				E17CE66A1FAAF5D8000D6DB4 /* Products */,
			);
			sourceTree = "<group>";
		};
		E17CE66A1FAAF5D8000D6DB4 /* Products */ = {
			isa = PBXGroup;
			children = (
				E17CE6691FAAF5D8000D6DB4 /* hookClass.app */,
				E17CE6821FAAF5D8000D6DB4 /* hookClassTests.xctest */,
				E17CE68D1FAAF5D8000D6DB4 /* hookClassUITests.xctest */,
			);
			name = Products;
			sourceTree = "<group>";
		};
		E17CE66B1FAAF5D8000D6DB4 /* hookClass */ = {
			isa = PBXGroup;
			children = (
				E10CC3131FC66A000078CCAE /* ANYMethodLog */,
				E17CE69F1FAAF633000D6DB4 /* KNHookClass */,
				E17CE66C1FAAF5D8000D6DB4 /* Supporting Files */,
			);
			path = hookClass;
			sourceTree = "<group>";
		};
		E17CE66C1FAAF5D8000D6DB4 /* Supporting Files */ = {
			isa = PBXGroup;
			children = (
				E17CE66F1FAAF5D8000D6DB4 /* AppDelegate.h */,
				E17CE6701FAAF5D8000D6DB4 /* AppDelegate.m */,
				E17CE6721FAAF5D8000D6DB4 /* ViewController.h */,
				E17CE6731FAAF5D8000D6DB4 /* ViewController.m */,
				E17CE6751FAAF5D8000D6DB4 /* Main.storyboard */,
				E17CE6781FAAF5D8000D6DB4 /* Assets.xcassets */,
				E17CE67A1FAAF5D8000D6DB4 /* LaunchScreen.storyboard */,
				E17CE67D1FAAF5D8000D6DB4 /* Info.plist */,
				E17CE66D1FAAF5D8000D6DB4 /* main.m */,
			);
			name = "Supporting Files";
			sourceTree = "<group>";
		};
		E17CE6851FAAF5D8000D6DB4 /* hookClassTests */ = {
			isa = PBXGroup;
			children = (
				E17CE6861FAAF5D8000D6DB4 /* hookClassTests.m */,
				E17CE6881FAAF5D8000D6DB4 /* Info.plist */,
			);
			path = hookClassTests;
			sourceTree = "<group>";
		};
		E17CE6901FAAF5D8000D6DB4 /* hookClassUITests */ = {
			isa = PBXGroup;
			children = (
				E17CE6911FAAF5D8000D6DB4 /* hookClassUITests.m */,
				E17CE6931FAAF5D8000D6DB4 /* Info.plist */,
			);
			path = hookClassUITests;
			sourceTree = "<group>";
		};
		E17CE69F1FAAF633000D6DB4 /* KNHookClass */ = {
			isa = PBXGroup;
			children = (
				E17CE6A01FAAF661000D6DB4 /* KNHook.h */,
				E17CE6A11FAAF661000D6DB4 /* KNHook.m */,
			);
			path = KNHookClass;
			sourceTree = "<group>";
		};
/* End PBXGroup section */

/* Begin PBXNativeTarget section */
		E17CE6681FAAF5D8000D6DB4 /* hookClass */ = {
			isa = PBXNativeTarget;
			buildConfigurationList = E17CE6961FAAF5D8000D6DB4 /* Build configuration list for PBXNativeTarget "hookClass" */;
			buildPhases = (
				E17CE6651FAAF5D8000D6DB4 /* Sources */,
				E17CE6661FAAF5D8000D6DB4 /* Frameworks */,
				E17CE6671FAAF5D8000D6DB4 /* Resources */,
			);
			buildRules = (
			);
			dependencies = (
			);
			name = hookClass;
			productName = hookClass;
			productReference = E17CE6691FAAF5D8000D6DB4 /* hookClass.app */;
			productType = "com.apple.product-type.application";
		};
		E17CE6811FAAF5D8000D6DB4 /* hookClassTests */ = {
			isa = PBXNativeTarget;
			buildConfigurationList = E17CE6991FAAF5D8000D6DB4 /* Build configuration list for PBXNativeTarget "hookClassTests" */;
			buildPhases = (
				E17CE67E1FAAF5D8000D6DB4 /* Sources */,
				E17CE67F1FAAF5D8000D6DB4 /* Frameworks */,
				E17CE6801FAAF5D8000D6DB4 /* Resources */,
			);
			buildRules = (
			);
			dependencies = (
				E17CE6841FAAF5D8000D6DB4 /* PBXTargetDependency */,
			);
			name = hookClassTests;
			productName = hookClassTests;
			productReference = E17CE6821FAAF5D8000D6DB4 /* hookClassTests.xctest */;
			productType = "com.apple.product-type.bundle.unit-test";
		};
		E17CE68C1FAAF5D8000D6DB4 /* hookClassUITests */ = {
			isa = PBXNativeTarget;
			buildConfigurationList = E17CE69C1FAAF5D8000D6DB4 /* Build configuration list for PBXNativeTarget "hookClassUITests" */;
			buildPhases = (
				E17CE6891FAAF5D8000D6DB4 /* Sources */,
				E17CE68A1FAAF5D8000D6DB4 /* Frameworks */,
				E17CE68B1FAAF5D8000D6DB4 /* Resources */,
			);
			buildRules = (
			);
			dependencies = (
				E17CE68F1FAAF5D8000D6DB4 /* PBXTargetDependency */,
			);
			name = hookClassUITests;
			productName = hookClassUITests;
			productReference = E17CE68D1FAAF5D8000D6DB4 /* hookClassUITests.xctest */;
			productType = "com.apple.product-type.bundle.ui-testing";
		};
/* End PBXNativeTarget section */

/* Begin PBXProject section */
		E17CE6611FAAF5D8000D6DB4 /* Project object */ = {
			isa = PBXProject;
			attributes = {
				CLASSPREFIX = KN;
				LastUpgradeCheck = 0830;
				ORGANIZATIONNAME = Weiliu;
				TargetAttributes = {
					E17CE6681FAAF5D8000D6DB4 = {
						CreatedOnToolsVersion = 8.3.3;
						DevelopmentTeam = UVWU8XCYJX;
						ProvisioningStyle = Automatic;
					};
					E17CE6811FAAF5D8000D6DB4 = {
						CreatedOnToolsVersion = 8.3.3;
						DevelopmentTeam = UVWU8XCYJX;
						ProvisioningStyle = Automatic;
						TestTargetID = E17CE6681FAAF5D8000D6DB4;
					};
					E17CE68C1FAAF5D8000D6DB4 = {
						CreatedOnToolsVersion = 8.3.3;
						DevelopmentTeam = UVWU8XCYJX;
						ProvisioningStyle = Automatic;
						TestTargetID = E17CE6681FAAF5D8000D6DB4;
					};
				};
			};
			buildConfigurationList = E17CE6641FAAF5D8000D6DB4 /* Build configuration list for PBXProject "hookClass" */;
			compatibilityVersion = "Xcode 3.2";
			developmentRegion = English;
			hasScannedForEncodings = 0;
			knownRegions = (
				en,
				Base,
			);
			mainGroup = E17CE6601FAAF5D8000D6DB4;
			productRefGroup = E17CE66A1FAAF5D8000D6DB4 /* Products */;
			projectDirPath = "";
			projectRoot = "";
			targets = (
				E17CE6681FAAF5D8000D6DB4 /* hookClass */,
				E17CE6811FAAF5D8000D6DB4 /* hookClassTests */,
				E17CE68C1FAAF5D8000D6DB4 /* hookClassUITests */,
			);
		};
/* End PBXProject section */

/* Begin PBXResourcesBuildPhase section */
		E17CE6671FAAF5D8000D6DB4 /* Resources */ = {
			isa = PBXResourcesBuildPhase;
			buildActionMask = 2147483647;
			files = (
				E17CE67C1FAAF5D8000D6DB4 /* LaunchScreen.storyboard in Resources */,
				E17CE6791FAAF5D8000D6DB4 /* Assets.xcassets in Resources */,
				E17CE6771FAAF5D8000D6DB4 /* Main.storyboard in Resources */,
			);
			runOnlyForDeploymentPostprocessing = 0;
		};
		E17CE6801FAAF5D8000D6DB4 /* Resources */ = {
			isa = PBXResourcesBuildPhase;
			buildActionMask = 2147483647;
			files = (
			);
			runOnlyForDeploymentPostprocessing = 0;
		};
		E17CE68B1FAAF5D8000D6DB4 /* Resources */ = {
			isa = PBXResourcesBuildPhase;
			buildActionMask = 2147483647;
			files = (
			);
			runOnlyForDeploymentPostprocessing = 0;
		};
/* End PBXResourcesBuildPhase section */

/* Begin PBXSourcesBuildPhase section */
		E17CE6651FAAF5D8000D6DB4 /* Sources */ = {
			isa = PBXSourcesBuildPhase;
			buildActionMask = 2147483647;
			files = (
				E10CC31A1FC66BE90078CCAE /* README.md in Sources */,
				E17CE6741FAAF5D8000D6DB4 /* ViewController.m in Sources */,
				E10CC3161FC66A000078CCAE /* ANYMethodLog.m in Sources */,
				E17CE6A21FAAF661000D6DB4 /* KNHook.m in Sources */,
				E17CE6711FAAF5D8000D6DB4 /* AppDelegate.m in Sources */,
				E17CE66E1FAAF5D8000D6DB4 /* main.m in Sources */,
			);
			runOnlyForDeploymentPostprocessing = 0;
		};
		E17CE67E1FAAF5D8000D6DB4 /* Sources */ = {
			isa = PBXSourcesBuildPhase;
			buildActionMask = 2147483647;
			files = (
				E17CE6871FAAF5D8000D6DB4 /* hookClassTests.m in Sources */,
			);
			runOnlyForDeploymentPostprocessing = 0;
		};
		E17CE6891FAAF5D8000D6DB4 /* Sources */ = {
			isa = PBXSourcesBuildPhase;
			buildActionMask = 2147483647;
			files = (
				E17CE6921FAAF5D8000D6DB4 /* hookClassUITests.m in Sources */,
			);
			runOnlyForDeploymentPostprocessing = 0;
		};
/* End PBXSourcesBuildPhase section */

/* Begin PBXTargetDependency section */
		E17CE6841FAAF5D8000D6DB4 /* PBXTargetDependency */ = {
			isa = PBXTargetDependency;
			target = E17CE6681FAAF5D8000D6DB4 /* hookClass */;
			targetProxy = E17CE6831FAAF5D8000D6DB4 /* PBXContainerItemProxy */;
		};
		E17CE68F1FAAF5D8000D6DB4 /* PBXTargetDependency */ = {
			isa = PBXTargetDependency;
			target = E17CE6681FAAF5D8000D6DB4 /* hookClass */;
			targetProxy = E17CE68E1FAAF5D8000D6DB4 /* PBXContainerItemProxy */;
		};
/* End PBXTargetDependency section */

/* Begin PBXVariantGroup section */
		E17CE6751FAAF5D8000D6DB4 /* Main.storyboard */ = {
			isa = PBXVariantGroup;
			children = (
				E17CE6761FAAF5D8000D6DB4 /* Base */,
			);
			name = Main.storyboard;
			sourceTree = "<group>";
		};
		E17CE67A1FAAF5D8000D6DB4 /* LaunchScreen.storyboard */ = {
			isa = PBXVariantGroup;
			children = (
				E17CE67B1FAAF5D8000D6DB4 /* Base */,
			);
			name = LaunchScreen.storyboard;
			sourceTree = "<group>";
		};
/* End PBXVariantGroup section */

/* Begin XCBuildConfiguration section */
		E17CE6941FAAF5D8000D6DB4 /* Debug */ = {
			isa = XCBuildConfiguration;
			buildSettings = {
				ALWAYS_SEARCH_USER_PATHS = NO;
				CLANG_ANALYZER_NONNULL = YES;
				CLANG_ANALYZER_NUMBER_OBJECT_CONVERSION = YES_AGGRESSIVE;
				CLANG_CXX_LANGUAGE_STANDARD = "gnu++0x";
				CLANG_CXX_LIBRARY = "libc++";
				CLANG_ENABLE_MODULES = YES;
				CLANG_ENABLE_OBJC_ARC = YES;
				CLANG_WARN_BOOL_CONVERSION = YES;
				CLANG_WARN_CONSTANT_CONVERSION = YES;
				CLANG_WARN_DIRECT_OBJC_ISA_USAGE = YES_ERROR;
				CLANG_WARN_DOCUMENTATION_COMMENTS = YES;
				CLANG_WARN_EMPTY_BODY = YES;
				CLANG_WARN_ENUM_CONVERSION = YES;
				CLANG_WARN_INFINITE_RECURSION = YES;
				CLANG_WARN_INT_CONVERSION = YES;
				CLANG_WARN_OBJC_ROOT_CLASS = YES_ERROR;
				CLANG_WARN_SUSPICIOUS_MOVE = YES;
				CLANG_WARN_UNREACHABLE_CODE = YES;
				CLANG_WARN__DUPLICATE_METHOD_MATCH = YES;
				"CODE_SIGN_IDENTITY[sdk=iphoneos*]" = "iPhone Developer";
				COPY_PHASE_STRIP = NO;
				DEBUG_INFORMATION_FORMAT = dwarf;
				ENABLE_STRICT_OBJC_MSGSEND = YES;
				ENABLE_TESTABILITY = YES;
				GCC_C_LANGUAGE_STANDARD = gnu99;
				GCC_DYNAMIC_NO_PIC = NO;
				GCC_NO_COMMON_BLOCKS = YES;
				GCC_OPTIMIZATION_LEVEL = 0;
				GCC_PREPROCESSOR_DEFINITIONS = (
					"DEBUG=1",
					"$(inherited)",
				);
				GCC_WARN_64_TO_32_BIT_CONVERSION = YES;
				GCC_WARN_ABOUT_RETURN_TYPE = YES_ERROR;
				GCC_WARN_UNDECLARED_SELECTOR = YES;
				GCC_WARN_UNINITIALIZED_AUTOS = YES_AGGRESSIVE;
				GCC_WARN_UNUSED_FUNCTION = YES;
				GCC_WARN_UNUSED_VARIABLE = YES;
				IPHONEOS_DEPLOYMENT_TARGET = 10.3;
				MTL_ENABLE_DEBUG_INFO = YES;
				ONLY_ACTIVE_ARCH = YES;
				SDKROOT = iphoneos;
			};
			name = Debug;
		};
		E17CE6951FAAF5D8000D6DB4 /* Release */ = {
			isa = XCBuildConfiguration;
			buildSettings = {
				ALWAYS_SEARCH_USER_PATHS = NO;
				CLANG_ANALYZER_NONNULL = YES;
				CLANG_ANALYZER_NUMBER_OBJECT_CONVERSION = YES_AGGRESSIVE;
				CLANG_CXX_LANGUAGE_STANDARD = "gnu++0x";
				CLANG_CXX_LIBRARY = "libc++";
				CLANG_ENABLE_MODULES = YES;
				CLANG_ENABLE_OBJC_ARC = YES;
				CLANG_WARN_BOOL_CONVERSION = YES;
				CLANG_WARN_CONSTANT_CONVERSION = YES;
				CLANG_WARN_DIRECT_OBJC_ISA_USAGE = YES_ERROR;
				CLANG_WARN_DOCUMENTATION_COMMENTS = YES;
				CLANG_WARN_EMPTY_BODY = YES;
				CLANG_WARN_ENUM_CONVERSION = YES;
				CLANG_WARN_INFINITE_RECURSION = YES;
				CLANG_WARN_INT_CONVERSION = YES;
				CLANG_WARN_OBJC_ROOT_CLASS = YES_ERROR;
				CLANG_WARN_SUSPICIOUS_MOVE = YES;
				CLANG_WARN_UNREACHABLE_CODE = YES;
				CLANG_WARN__DUPLICATE_METHOD_MATCH = YES;
				"CODE_SIGN_IDENTITY[sdk=iphoneos*]" = "iPhone Developer";
				COPY_PHASE_STRIP = NO;
				DEBUG_INFORMATION_FORMAT = "dwarf-with-dsym";
				ENABLE_NS_ASSERTIONS = NO;
				ENABLE_STRICT_OBJC_MSGSEND = YES;
				GCC_C_LANGUAGE_STANDARD = gnu99;
				GCC_NO_COMMON_BLOCKS = YES;
				GCC_WARN_64_TO_32_BIT_CONVERSION = YES;
				GCC_WARN_ABOUT_RETURN_TYPE = YES_ERROR;
				GCC_WARN_UNDECLARED_SELECTOR = YES;
				GCC_WARN_UNINITIALIZED_AUTOS = YES_AGGRESSIVE;
				GCC_WARN_UNUSED_FUNCTION = YES;
				GCC_WARN_UNUSED_VARIABLE = YES;
				IPHONEOS_DEPLOYMENT_TARGET = 10.3;
				MTL_ENABLE_DEBUG_INFO = NO;
				SDKROOT = iphoneos;
				VALIDATE_PRODUCT = YES;
			};
			name = Release;
		};
		E17CE6971FAAF5D8000D6DB4 /* Debug */ = {
			isa = XCBuildConfiguration;
			buildSettings = {
				ASSETCATALOG_COMPILER_APPICON_NAME = AppIcon;
				DEVELOPMENT_TEAM = UVWU8XCYJX;
				INFOPLIST_FILE = hookClass/Info.plist;
				LD_RUNPATH_SEARCH_PATHS = "$(inherited) @executable_path/Frameworks";
				PRODUCT_BUNDLE_IDENTIFIER = com.weiliu.hookClass;
				PRODUCT_NAME = "$(TARGET_NAME)";
			};
			name = Debug;
		};
		E17CE6981FAAF5D8000D6DB4 /* Release */ = {
			isa = XCBuildConfiguration;
			buildSettings = {
				ASSETCATALOG_COMPILER_APPICON_NAME = AppIcon;
				DEVELOPMENT_TEAM = UVWU8XCYJX;
				INFOPLIST_FILE = hookClass/Info.plist;
				LD_RUNPATH_SEARCH_PATHS = "$(inherited) @executable_path/Frameworks";
				PRODUCT_BUNDLE_IDENTIFIER = com.weiliu.hookClass;
				PRODUCT_NAME = "$(TARGET_NAME)";
			};
			name = Release;
		};
		E17CE69A1FAAF5D8000D6DB4 /* Debug */ = {
			isa = XCBuildConfiguration;
			buildSettings = {
				BUNDLE_LOADER = "$(TEST_HOST)";
				DEVELOPMENT_TEAM = UVWU8XCYJX;
				INFOPLIST_FILE = hookClassTests/Info.plist;
				LD_RUNPATH_SEARCH_PATHS = "$(inherited) @executable_path/Frameworks @loader_path/Frameworks";
				PRODUCT_BUNDLE_IDENTIFIER = com.weiliu.hookClassTests;
				PRODUCT_NAME = "$(TARGET_NAME)";
				TEST_HOST = "$(BUILT_PRODUCTS_DIR)/hookClass.app/hookClass";
			};
			name = Debug;
		};
		E17CE69B1FAAF5D8000D6DB4 /* Release */ = {
			isa = XCBuildConfiguration;
			buildSettings = {
				BUNDLE_LOADER = "$(TEST_HOST)";
				DEVELOPMENT_TEAM = UVWU8XCYJX;
				INFOPLIST_FILE = hookClassTests/Info.plist;
				LD_RUNPATH_SEARCH_PATHS = "$(inherited) @executable_path/Frameworks @loader_path/Frameworks";
				PRODUCT_BUNDLE_IDENTIFIER = com.weiliu.hookClassTests;
				PRODUCT_NAME = "$(TARGET_NAME)";
				TEST_HOST = "$(BUILT_PRODUCTS_DIR)/hookClass.app/hookClass";
			};
			name = Release;
		};
		E17CE69D1FAAF5D8000D6DB4 /* Debug */ = {
			isa = XCBuildConfiguration;
			buildSettings = {
				DEVELOPMENT_TEAM = UVWU8XCYJX;
				INFOPLIST_FILE = hookClassUITests/Info.plist;
				LD_RUNPATH_SEARCH_PATHS = "$(inherited) @executable_path/Frameworks @loader_path/Frameworks";
				PRODUCT_BUNDLE_IDENTIFIER = com.weiliu.hookClassUITests;
				PRODUCT_NAME = "$(TARGET_NAME)";
				TEST_TARGET_NAME = hookClass;
			};
			name = Debug;
		};
		E17CE69E1FAAF5D8000D6DB4 /* Release */ = {
			isa = XCBuildConfiguration;
			buildSettings = {
				DEVELOPMENT_TEAM = UVWU8XCYJX;
				INFOPLIST_FILE = hookClassUITests/Info.plist;
				LD_RUNPATH_SEARCH_PATHS = "$(inherited) @executable_path/Frameworks @loader_path/Frameworks";
				PRODUCT_BUNDLE_IDENTIFIER = com.weiliu.hookClassUITests;
				PRODUCT_NAME = "$(TARGET_NAME)";
				TEST_TARGET_NAME = hookClass;
			};
			name = Release;
		};
/* End XCBuildConfiguration section */

/* Begin XCConfigurationList section */
		E17CE6641FAAF5D8000D6DB4 /* Build configuration list for PBXProject "hookClass" */ = {
			isa = XCConfigurationList;
			buildConfigurations = (
				E17CE6941FAAF5D8000D6DB4 /* Debug */,
				E17CE6951FAAF5D8000D6DB4 /* Release */,
			);
			defaultConfigurationIsVisible = 0;
			defaultConfigurationName = Release;
		};
		E17CE6961FAAF5D8000D6DB4 /* Build configuration list for PBXNativeTarget "hookClass" */ = {
			isa = XCConfigurationList;
			buildConfigurations = (
				E17CE6971FAAF5D8000D6DB4 /* Debug */,
				E17CE6981FAAF5D8000D6DB4 /* Release */,
			);
			defaultConfigurationIsVisible = 0;
			defaultConfigurationName = Release;
		};
		E17CE6991FAAF5D8000D6DB4 /* Build configuration list for PBXNativeTarget "hookClassTests" */ = {
			isa = XCConfigurationList;
			buildConfigurations = (
				E17CE69A1FAAF5D8000D6DB4 /* Debug */,
				E17CE69B1FAAF5D8000D6DB4 /* Release */,
			);
			defaultConfigurationIsVisible = 0;
			defaultConfigurationName = Release;
		};
		E17CE69C1FAAF5D8000D6DB4 /* Build configuration list for PBXNativeTarget "hookClassUITests" */ = {
			isa = XCConfigurationList;
			buildConfigurations = (
				E17CE69D1FAAF5D8000D6DB4 /* Debug */,
				E17CE69E1FAAF5D8000D6DB4 /* Release */,
			);
			defaultConfigurationIsVisible = 0;
			defaultConfigurationName = Release;
		};
/* End XCConfigurationList section */
	};
	rootObject = E17CE6611FAAF5D8000D6DB4 /* Project object */;
}
